
Microsoft Visual Studio Solution File, Format Version 12.00
# Visual Studio 16
Project("{FAE04EC0-301F-11D3-BF4B-00C04F79EFBC}") = "Assembly-CSharp", "Assembly-CSharp.csproj", "{B709EF44-07CB-2FED-88C8-A0F1EF07BF08}"
EndProject
Global
	GlobalSection(SolutionConfigurationPlatforms) = preSolution
		Debug|Any CPU = Debug|Any CPU
		Release|Any CPU = Release|Any CPU
	EndGlobalSection
	GlobalSection(ProjectConfigurationPlatforms) = postSolution
		{B709EF44-07CB-2FED-88C8-A0F1EF07BF08}.Debug|Any CPU.ActiveCfg = Debug|Any CPU
		{B709EF44-07CB-2FED-88C8-A0F1EF07BF08}.Debug|Any CPU.Build.0 = Debug|Any CPU
		{B709EF44-07CB-2FED-88C8-A0F1EF07BF08}.Release|Any CPU.ActiveCfg = Release|Any CPU
		{B709EF44-07CB-2FED-88C8-A0F1EF07BF08}.Release|Any CPU.Build.0 = Release|Any CPU
	EndGlobalSection
	GlobalSection(SolutionProperties) = preSolution
		HideSolutionNode = FALSE
	EndGlobalSection
EndGlobal
